
Microsoft Visual Studio Solution File, Format Version 12.00
# Visual Studio Version 17
VisualStudioVersion = 17.0.31903.59
MinimumVisualStudioVersion = 10.0.40219.1
Project("{FAE04EC0-301F-11D3-BF4B-00C04F79EFBC}") = "lek2", "lek2\lek2.csproj", "{4511A823-CA4A-418D-83C7-8EC78DE9BB18}"
EndProject
Global
	GlobalSection(SolutionConfigurationPlatforms) = preSolution
		Debug|Any CPU = Debug|Any CPU
		Release|Any CPU = Release|Any CPU
	EndGlobalSection
	GlobalSection(SolutionProperties) = preSolution
		HideSolutionNode = FALSE
	EndGlobalSection
	GlobalSection(ProjectConfigurationPlatforms) = postSolution
		{4511A823-CA4A-418D-83C7-8EC78DE9BB18}.Debug|Any CPU.ActiveCfg = Debug|Any CPU
		{4511A823-CA4A-418D-83C7-8EC78DE9BB18}.Debug|Any CPU.Build.0 = Debug|Any CPU
		{4511A823-CA4A-418D-83C7-8EC78DE9BB18}.Release|Any CPU.ActiveCfg = Release|Any CPU
		{4511A823-CA4A-418D-83C7-8EC78DE9BB18}.Release|Any CPU.Build.0 = Release|Any CPU
	EndGlobalSection
EndGlobal
